
Microsoft Visual Studio Solution File, Format Version 12.00
# Visual Studio Version 17
VisualStudioVersion = 17.2.32526.322
MinimumVisualStudioVersion = 10.0.40219.1
Project("{9A19103F-16F7-4668-BE54-9A1E7A4F7556}") = "FoobarFactoryDemo", "FoobarFactoryDemo\FoobarFactoryDemo.csproj", "{B8E6F585-0A80-4B6C-91EF-A7B588BF3699}"
EndProject
Project("{9A19103F-16F7-4668-BE54-9A1E7A4F7556}") = "FoobarFactoryDemo.Tests", "FoobarFactoryDemo.Tests\FoobarFactoryDemo.Tests.csproj", "{330452F5-128D-4DBA-867F-97468B0A7B9D}"
EndProject
Global
	GlobalSection(SolutionConfigurationPlatforms) = preSolution
		Debug|Any CPU = Debug|Any CPU
		Release|Any CPU = Release|Any CPU
	EndGlobalSection
	GlobalSection(ProjectConfigurationPlatforms) = postSolution
		{B8E6F585-0A80-4B6C-91EF-A7B588BF3699}.Debug|Any CPU.ActiveCfg = Debug|Any CPU
		{B8E6F585-0A80-4B6C-91EF-A7B588BF3699}.Debug|Any CPU.Build.0 = Debug|Any CPU
		{B8E6F585-0A80-4B6C-91EF-A7B588BF3699}.Release|Any CPU.ActiveCfg = Release|Any CPU
		{B8E6F585-0A80-4B6C-91EF-A7B588BF3699}.Release|Any CPU.Build.0 = Release|Any CPU
		{330452F5-128D-4DBA-867F-97468B0A7B9D}.Debug|Any CPU.ActiveCfg = Debug|Any CPU
		{330452F5-128D-4DBA-867F-97468B0A7B9D}.Debug|Any CPU.Build.0 = Debug|Any CPU
		{330452F5-128D-4DBA-867F-97468B0A7B9D}.Release|Any CPU.ActiveCfg = Release|Any CPU
		{330452F5-128D-4DBA-867F-97468B0A7B9D}.Release|Any CPU.Build.0 = Release|Any CPU
	EndGlobalSection
	GlobalSection(SolutionProperties) = preSolution
		HideSolutionNode = FALSE
	EndGlobalSection
	GlobalSection(ExtensibilityGlobals) = postSolution
		SolutionGuid = {3FB0C06E-3060-4675-B492-E1B6BCB12019}
	EndGlobalSection
EndGlobal
